Microsoft Visual Studio Solution File, Format Version 12.00
# Visual Studio 2012
Project("{FAE04EC0-301F-11D3-BF4B-00C04F79EFBC}") = "SeaQuest", "SeaQuest.csproj", "{511BFF51-3AF1-4D3D-82E1-002E1F6076FC}"
EndProject
Global
	GlobalSection(SolutionConfigurationPlatforms) = preSolution
	Debug|Any CPU = Debug|Any CPU
	ExportDebug|Any CPU = ExportDebug|Any CPU
	ExportRelease|Any CPU = ExportRelease|Any CPU
	EndGlobalSection
	GlobalSection(ProjectConfigurationPlatforms) = postSolution
		{511BFF51-3AF1-4D3D-82E1-002E1F6076FC}.Debug|Any CPU.ActiveCfg = Debug|Any CPU
		{511BFF51-3AF1-4D3D-82E1-002E1F6076FC}.Debug|Any CPU.Build.0 = Debug|Any CPU
		{511BFF51-3AF1-4D3D-82E1-002E1F6076FC}.ExportDebug|Any CPU.ActiveCfg = ExportDebug|Any CPU
		{511BFF51-3AF1-4D3D-82E1-002E1F6076FC}.ExportDebug|Any CPU.Build.0 = ExportDebug|Any CPU
		{511BFF51-3AF1-4D3D-82E1-002E1F6076FC}.ExportRelease|Any CPU.ActiveCfg = ExportRelease|Any CPU
		{511BFF51-3AF1-4D3D-82E1-002E1F6076FC}.ExportRelease|Any CPU.Build.0 = ExportRelease|Any CPU
	EndGlobalSection
EndGlobal
